
Microsoft Visual Studio Solution File, Format Version 12.00
# Visual Studio Version 17
VisualStudioVersion = 17.11.35303.130
MinimumVisualStudioVersion = 10.0.40219.1
Project("{8BC9CEB8-8B4A-11D0-8D11-00A0C91BC942}") = "algorithm", "algorithm.vcxproj", "{76259E7F-2C68-49CC-93C6-354E935DAC48}"
EndProject
Global
	GlobalSection(SolutionConfigurationPlatforms) = preSolution
		Debug|x64 = Debug|x64
		Debug|x86 = Debug|x86
		Release|x64 = Release|x64
		Release|x86 = Release|x86
	EndGlobalSection
	GlobalSection(ProjectConfigurationPlatforms) = postSolution
		{76259E7F-2C68-49CC-93C6-354E935DAC48}.Debug|x64.ActiveCfg = Debug|x64
		{76259E7F-2C68-49CC-93C6-354E935DAC48}.Debug|x64.Build.0 = Debug|x64
		{76259E7F-2C68-49CC-93C6-354E935DAC48}.Debug|x86.ActiveCfg = Debug|Win32
		{76259E7F-2C68-49CC-93C6-354E935DAC48}.Debug|x86.Build.0 = Debug|Win32
		{76259E7F-2C68-49CC-93C6-354E935DAC48}.Release|x64.ActiveCfg = Release|x64
		{76259E7F-2C68-49CC-93C6-354E935DAC48}.Release|x64.Build.0 = Release|x64
		{76259E7F-2C68-49CC-93C6-354E935DAC48}.Release|x86.ActiveCfg = Release|Win32
		{76259E7F-2C68-49CC-93C6-354E935DAC48}.Release|x86.Build.0 = Release|Win32
	EndGlobalSection
	GlobalSection(SolutionProperties) = preSolution
		HideSolutionNode = FALSE
	EndGlobalSection
	GlobalSection(ExtensibilityGlobals) = postSolution
		SolutionGuid = {1BB297DD-3F5F-4D76-B25D-001518BEB93F}
	EndGlobalSection
EndGlobal
